PODS:
  - Flutter (1.0.0)
  - flutter_upshot_plugin (1.0.0):
    - Flutter
    - Upshot
  - Upshot (1.0.2)
  - webview_flutter_wkwebview (0.0.1):
    - Flutter

DEPENDENCIES:
  - Flutter (from `Flutter`)
  - flutter_upshot_plugin (from `.symlinks/plugins/flutter_upshot_plugin/ios`)
  - webview_flutter_wkwebview (from `.symlinks/plugins/webview_flutter_wkwebview/ios`)

SPEC REPOS:
  trunk:
    - Upshot

EXTERNAL SOURCES:
  Flutter:
    :path: Flutter
  flutter_upshot_plugin:
    :path: ".symlinks/plugins/flutter_upshot_plugin/ios"
  webview_flutter_wkwebview:
    :path: ".symlinks/plugins/webview_flutter_wkwebview/ios"

SPEC CHECKSUMS:
  Flutter: 50d75fe2f02b26cc09d224853bb45737f8b3214a
  flutter_upshot_plugin: 3d79a0b02bf90dd0ddf341f73fba016e35b1177f
  Upshot: 72b27af6fa697f7d24323eec8764d288fb84e0ee
  webview_flutter_wkwebview: d08f59cde5e8402c345c0bdda35ac0031352dcae

PODFILE CHECKSUM: 7368163408c647b7eb699d0d788ba6718e18fb8d

COCOAPODS: 1.15.2
